
Microsoft Visual Studio Solution File, Format Version 12.00
# Visual Studio 15
VisualStudioVersion = 15.0.28010.2019
MinimumVisualStudioVersion = 10.0.40219.1
Project("{FAE04EC0-301F-11D3-BF4B-00C04F79EFBC}") = "SocialMediaReader", "SocialMediaReader\SocialMediaReader.csproj", "{D3246387-BAED-4AAB-A9E2-49927AE35918}"
EndProject
Global
	GlobalSection(SolutionConfigurationPlatforms) = preSolution
		Debug|Any CPU = Debug|Any CPU
		Release|Any CPU = Release|Any CPU
	EndGlobalSection
	GlobalSection(ProjectConfigurationPlatforms) = postSolution
		{D3246387-BAED-4AAB-A9E2-49927AE35918}.Debug|Any CPU.ActiveCfg = Debug|Any CPU
		{D3246387-BAED-4AAB-A9E2-49927AE35918}.Debug|Any CPU.Build.0 = Debug|Any CPU
		{D3246387-BAED-4AAB-A9E2-49927AE35918}.Release|Any CPU.ActiveCfg = Release|Any CPU
		{D3246387-BAED-4AAB-A9E2-49927AE35918}.Release|Any CPU.Build.0 = Release|Any CPU
	EndGlobalSection
	GlobalSection(SolutionProperties) = preSolution
		HideSolutionNode = FALSE
	EndGlobalSection
	GlobalSection(ExtensibilityGlobals) = postSolution
		SolutionGuid = {245C21F5-857C-4AD6-B0BA-EE7C0BFCF4FC}
	EndGlobalSection
EndGlobal
